// !$*UTF8*$!
{
	archiveVersion = 1;
	classes = {
	};
	objectVersion = 56;
	objects = {

/* Begin PBXBuildFile section */
		CE1704272C62A7C900E940F1 /* BackgroundImageView.swift in Sources */ = {isa = PBXBuildFile; fileRef = CE1704262C62A7C900E940F1 /* BackgroundImageView.swift */; };
		CE1704292C62A8F800E940F1 /* NewTaskItemView.swift in Sources */ = {isa = PBXBuildFile; fileRef = CE1704282C62A8F800E940F1 /* NewTaskItemView.swift */; };
		CE17042B2C62AE0F00E940F1 /* BlankView.swift in Sources */ = {isa = PBXBuildFile; fileRef = CE17042A2C62AE0F00E940F1 /* BlankView.swift */; };
		CECD61542CD8D6B200DF8739 /* ListRowItemView.swift in Sources */ = {isa = PBXBuildFile; fileRef = CECD61532CD8D6B200DF8739 /* ListRowItemView.swift */; };
		CECD61562CD8DA0A00DF8739 /* CheckboxStyle.swift in Sources */ = {isa = PBXBuildFile; fileRef = CECD61552CD8DA0A00DF8739 /* CheckboxStyle.swift */; };
		CECE4DD02C5E6C2300F7C4FF /* DevoteApp.swift in Sources */ = {isa = PBXBuildFile; fileRef = CECE4DCF2C5E6C2300F7C4FF /* DevoteApp.swift */; };
		CECE4DD22C5E6C2300F7C4FF /* ContentView.swift in Sources */ = {isa = PBXBuildFile; fileRef = CECE4DD12C5E6C2300F7C4FF /* ContentView.swift */; };
		CECE4DD42C5E6C2500F7C4FF /* Assets.xcassets in Resources */ = {isa = PBXBuildFile; fileRef = CECE4DD32C5E6C2500F7C4FF /* Assets.xcassets */; };
		CECE4DD72C5E6C2500F7C4FF /* Preview Assets.xcassets in Resources */ = {isa = PBXBuildFile; fileRef = CECE4DD62C5E6C2500F7C4FF /* Preview Assets.xcassets */; };
		CECE4DD92C5E6C2500F7C4FF /* Persistence.swift in Sources */ = {isa = PBXBuildFile; fileRef = CECE4DD82C5E6C2500F7C4FF /* Persistence.swift */; };
		CECE4DDC2C5E6C2500F7C4FF /* Devote.xcdatamodeld in Sources */ = {isa = PBXBuildFile; fileRef = CECE4DDA2C5E6C2500F7C4FF /* Devote.xcdatamodeld */; };
		CECE4DE52C5E6D1A00F7C4FF /* sound-ding.mp3 in Resources */ = {isa = PBXBuildFile; fileRef = CECE4DE22C5E6D1A00F7C4FF /* sound-ding.mp3 */; };
		CECE4DE62C5E6D1A00F7C4FF /* sound-tap.mp3 in Resources */ = {isa = PBXBuildFile; fileRef = CECE4DE32C5E6D1A00F7C4FF /* sound-tap.mp3 */; };
		CECE4DE72C5E6D1A00F7C4FF /* sound-rise.mp3 in Resources */ = {isa = PBXBuildFile; fileRef = CECE4DE42C5E6D1A00F7C4FF /* sound-rise.mp3 */; };
		CECE4DF42C5E7AC200F7C4FF /* Constant.swift in Sources */ = {isa = PBXBuildFile; fileRef = CECE4DF32C5E7AC200F7C4FF /* Constant.swift */; };
		CEDB67152C61587E00F618CB /* HideKeyboardExtension.swift in Sources */ = {isa = PBXBuildFile; fileRef = CEDB67142C61587E00F618CB /* HideKeyboardExtension.swift */; };
/* End PBXBuildFile section */

/* Begin PBXFileReference section */
		CE1704262C62A7C900E940F1 /* BackgroundImageView.swift */ = {isa = PBXFileReference; lastKnownFileType = sourcecode.swift; path = BackgroundImageView.swift; sourceTree = "<group>"; };
		CE1704282C62A8F800E940F1 /* NewTaskItemView.swift */ = {isa = PBXFileReference; lastKnownFileType = sourcecode.swift; path = NewTaskItemView.swift; sourceTree = "<group>"; };
		CE17042A2C62AE0F00E940F1 /* BlankView.swift */ = {isa = PBXFileReference; lastKnownFileType = sourcecode.swift; path = BlankView.swift; sourceTree = "<group>"; };
		CECD61532CD8D6B200DF8739 /* ListRowItemView.swift */ = {isa = PBXFileReference; lastKnownFileType = sourcecode.swift; path = ListRowItemView.swift; sourceTree = "<group>"; };
		CECD61552CD8DA0A00DF8739 /* CheckboxStyle.swift */ = {isa = PBXFileReference; lastKnownFileType = sourcecode.swift; path = CheckboxStyle.swift; sourceTree = "<group>"; };
		CECE4DCC2C5E6C2300F7C4FF /* Devote.app */ = {isa = PBXFileReference; explicitFileType = wrapper.application; includeInIndex = 0; path = Devote.app; sourceTree = BUILT_PRODUCTS_DIR; };
		CECE4DCF2C5E6C2300F7C4FF /* DevoteApp.swift */ = {isa = PBXFileReference; lastKnownFileType = sourcecode.swift; path = DevoteApp.swift; sourceTree = "<group>"; };
		CECE4DD12C5E6C2300F7C4FF /* ContentView.swift */ = {isa = PBXFileReference; lastKnownFileType = sourcecode.swift; path = ContentView.swift; sourceTree = "<group>"; };
		CECE4DD32C5E6C2500F7C4FF /* Assets.xcassets */ = {isa = PBXFileReference; lastKnownFileType = folder.assetcatalog; path = Assets.xcassets; sourceTree = "<group>"; };
		CECE4DD62C5E6C2500F7C4FF /* Preview Assets.xcassets */ = {isa = PBXFileReference; lastKnownFileType = folder.assetcatalog; path = "Preview Assets.xcassets"; sourceTree = "<group>"; };
		CECE4DD82C5E6C2500F7C4FF /* Persistence.swift */ = {isa = PBXFileReference; lastKnownFileType = sourcecode.swift; path = Persistence.swift; sourceTree = "<group>"; };
		CECE4DDB2C5E6C2500F7C4FF /* Devote.xcdatamodel */ = {isa = PBXFileReference; lastKnownFileType = wrapper.xcdatamodel; path = Devote.xcdatamodel; sourceTree = "<group>"; };
		CECE4DE22C5E6D1A00F7C4FF /* sound-ding.mp3 */ = {isa = PBXFileReference; lastKnownFileType = audio.mp3; path = "sound-ding.mp3"; sourceTree = "<group>"; };
		CECE4DE32C5E6D1A00F7C4FF /* sound-tap.mp3 */ = {isa = PBXFileReference; lastKnownFileType = audio.mp3; path = "sound-tap.mp3"; sourceTree = "<group>"; };
		CECE4DE42C5E6D1A00F7C4FF /* sound-rise.mp3 */ = {isa = PBXFileReference; lastKnownFileType = audio.mp3; path = "sound-rise.mp3"; sourceTree = "<group>"; };
		CECE4DEE2C5E6E4300F7C4FF /* Info.plist */ = {isa = PBXFileReference; lastKnownFileType = text.plist; path = Info.plist; sourceTree = "<group>"; };
		CECE4DF32C5E7AC200F7C4FF /* Constant.swift */ = {isa = PBXFileReference; lastKnownFileType = sourcecode.swift; path = Constant.swift; sourceTree = "<group>"; };
		CEDB67142C61587E00F618CB /* HideKeyboardExtension.swift */ = {isa = PBXFileReference; lastKnownFileType = sourcecode.swift; path = HideKeyboardExtension.swift; sourceTree = "<group>"; };
/* End PBXFileReference section */

/* Begin PBXFrameworksBuildPhase section */
		CECE4DC92C5E6C2300F7C4FF /* Frameworks */ = {
			isa = PBXFrameworksBuildPhase;
			buildActionMask = 2147483647;
			files = (
			);
			runOnlyForDeploymentPostprocessing = 0;
		};
/* End PBXFrameworksBuildPhase section */

/* Begin PBXGroup section */
		CECE4DC32C5E6C2300F7C4FF = {
			isa = PBXGroup;
			children = (
				CECE4DCE2C5E6C2300F7C4FF /* Devote */,
				CECE4DCD2C5E6C2300F7C4FF /* Products */,
			);
			sourceTree = "<group>";
		};
		CECE4DCD2C5E6C2300F7C4FF /* Products */ = {
			isa = PBXGroup;
			children = (
				CECE4DCC2C5E6C2300F7C4FF /* Devote.app */,
			);
			name = Products;
			sourceTree = "<group>";
		};
		CECE4DCE2C5E6C2300F7C4FF /* Devote */ = {
			isa = PBXGroup;
			children = (
				CECE4DEE2C5E6E4300F7C4FF /* Info.plist */,
				CECE4DCF2C5E6C2300F7C4FF /* DevoteApp.swift */,
				CECE4DE92C5E6D6D00F7C4FF /* View */,
				CECE4DED2C5E6DC000F7C4FF /* Model */,
				CECE4DEC2C5E6D9F00F7C4FF /* Style */,
				CECE4DEB2C5E6D9500F7C4FF /* Utility */,
				CECE4DEA2C5E6D7B00F7C4FF /* Extensions */,
				CECE4DE82C5E6D5E00F7C4FF /* Sound */,
				CECE4DD32C5E6C2500F7C4FF /* Assets.xcassets */,
				CECE4DD52C5E6C2500F7C4FF /* Preview Content */,
			);
			path = Devote;
			sourceTree = "<group>";
		};
		CECE4DD52C5E6C2500F7C4FF /* Preview Content */ = {
			isa = PBXGroup;
			children = (
				CECE4DD62C5E6C2500F7C4FF /* Preview Assets.xcassets */,
			);
			path = "Preview Content";
			sourceTree = "<group>";
		};
		CECE4DE82C5E6D5E00F7C4FF /* Sound */ = {
			isa = PBXGroup;
			children = (
				CECE4DE22C5E6D1A00F7C4FF /* sound-ding.mp3 */,
				CECE4DE42C5E6D1A00F7C4FF /* sound-rise.mp3 */,
				CECE4DE32C5E6D1A00F7C4FF /* sound-tap.mp3 */,
			);
			path = Sound;
			sourceTree = "<group>";
		};
		CECE4DE92C5E6D6D00F7C4FF /* View */ = {
			isa = PBXGroup;
			children = (
				CECE4DD12C5E6C2300F7C4FF /* ContentView.swift */,
				CE1704262C62A7C900E940F1 /* BackgroundImageView.swift */,
				CE1704282C62A8F800E940F1 /* NewTaskItemView.swift */,
				CE17042A2C62AE0F00E940F1 /* BlankView.swift */,
				CECD61532CD8D6B200DF8739 /* ListRowItemView.swift */,
			);
			path = View;
			sourceTree = "<group>";
		};
		CECE4DEA2C5E6D7B00F7C4FF /* Extensions */ = {
			isa = PBXGroup;
			children = (
				CEDB67142C61587E00F618CB /* HideKeyboardExtension.swift */,
			);
			path = Extensions;
			sourceTree = "<group>";
		};
		CECE4DEB2C5E6D9500F7C4FF /* Utility */ = {
			isa = PBXGroup;
			children = (
				CECE4DF32C5E7AC200F7C4FF /* Constant.swift */,
			);
			path = Utility;
			sourceTree = "<group>";
		};
		CECE4DEC2C5E6D9F00F7C4FF /* Style */ = {
			isa = PBXGroup;
			children = (
				CECD61552CD8DA0A00DF8739 /* CheckboxStyle.swift */,
			);
			path = Style;
			sourceTree = "<group>";
		};
		CECE4DED2C5E6DC000F7C4FF /* Model */ = {
			isa = PBXGroup;
			children = (
				CECE4DD82C5E6C2500F7C4FF /* Persistence.swift */,
				CECE4DDA2C5E6C2500F7C4FF /* Devote.xcdatamodeld */,
			);
			path = Model;
			sourceTree = "<group>";
		};
/* End PBXGroup section */

/* Begin PBXNativeTarget section */
		CECE4DCB2C5E6C2300F7C4FF /* Devote */ = {
			isa = PBXNativeTarget;
			buildConfigurationList = CECE4DDF2C5E6C2500F7C4FF /* Build configuration list for PBXNativeTarget "Devote" */;
			buildPhases = (
				CECE4DC82C5E6C2300F7C4FF /* Sources */,
				CECE4DC92C5E6C2300F7C4FF /* Frameworks */,
				CECE4DCA2C5E6C2300F7C4FF /* Resources */,
			);
			buildRules = (
			);
			dependencies = (
			);
			name = Devote;
			productName = Devote;
			productReference = CECE4DCC2C5E6C2300F7C4FF /* Devote.app */;
			productType = "com.apple.product-type.application";
		};
/* End PBXNativeTarget section */

/* Begin PBXProject section */
		CECE4DC42C5E6C2300F7C4FF /* Project object */ = {
			isa = PBXProject;
			attributes = {
				BuildIndependentTargetsInParallel = 1;
				LastSwiftUpdateCheck = 1540;
				LastUpgradeCheck = 1540;
				TargetAttributes = {
					CECE4DCB2C5E6C2300F7C4FF = {
						CreatedOnToolsVersion = 15.4;
					};
				};
			};
			buildConfigurationList = CECE4DC72C5E6C2300F7C4FF /* Build configuration list for PBXProject "Devote" */;
			compatibilityVersion = "Xcode 14.0";
			developmentRegion = en;
			hasScannedForEncodings = 0;
			knownRegions = (
				en,
				Base,
			);
			mainGroup = CECE4DC32C5E6C2300F7C4FF;
			productRefGroup = CECE4DCD2C5E6C2300F7C4FF /* Products */;
			projectDirPath = "";
			projectRoot = "";
			targets = (
				CECE4DCB2C5E6C2300F7C4FF /* Devote */,
			);
		};
/* End PBXProject section */

/* Begin PBXResourcesBuildPhase section */
		CECE4DCA2C5E6C2300F7C4FF /* Resources */ = {
			isa = PBXResourcesBuildPhase;
			buildActionMask = 2147483647;
			files = (
				CECE4DE72C5E6D1A00F7C4FF /* sound-rise.mp3 in Resources */,
				CECE4DD72C5E6C2500F7C4FF /* Preview Assets.xcassets in Resources */,
				CECE4DD42C5E6C2500F7C4FF /* Assets.xcassets in Resources */,
				CECE4DE62C5E6D1A00F7C4FF /* sound-tap.mp3 in Resources */,
				CECE4DE52C5E6D1A00F7C4FF /* sound-ding.mp3 in Resources */,
			);
			runOnlyForDeploymentPostprocessing = 0;
		};
/* End PBXResourcesBuildPhase section */

/* Begin PBXSourcesBuildPhase section */
		CECE4DC82C5E6C2300F7C4FF /* Sources */ = {
			isa = PBXSourcesBuildPhase;
			buildActionMask = 2147483647;
			files = (
				CECE4DD92C5E6C2500F7C4FF /* Persistence.swift in Sources */,
				CE1704272C62A7C900E940F1 /* BackgroundImageView.swift in Sources */,
				CECE4DD22C5E6C2300F7C4FF /* ContentView.swift in Sources */,
				CEDB67152C61587E00F618CB /* HideKeyboardExtension.swift in Sources */,
				CE17042B2C62AE0F00E940F1 /* BlankView.swift in Sources */,
				CECE4DF42C5E7AC200F7C4FF /* Constant.swift in Sources */,
				CECD61542CD8D6B200DF8739 /* ListRowItemView.swift in Sources */,
				CECE4DDC2C5E6C2500F7C4FF /* Devote.xcdatamodeld in Sources */,
				CECE4DD02C5E6C2300F7C4FF /* DevoteApp.swift in Sources */,
				CECD61562CD8DA0A00DF8739 /* CheckboxStyle.swift in Sources */,
				CE1704292C62A8F800E940F1 /* NewTaskItemView.swift in Sources */,
			);
			runOnlyForDeploymentPostprocessing = 0;
		};
/* End PBXSourcesBuildPhase section */

/* Begin XCBuildConfiguration section */
		CECE4DDD2C5E6C2500F7C4FF /* Debug */ = {
			isa = XCBuildConfiguration;
			buildSettings = {
				ALWAYS_SEARCH_USER_PATHS = NO;
				ASSETCATALOG_COMPILER_GENERATE_SWIFT_ASSET_SYMBOL_EXTENSIONS = YES;
				CLANG_ANALYZER_NONNULL = YES;
				CLANG_ANALYZER_NUMBER_OBJECT_CONVERSION = YES_AGGRESSIVE;
				CLANG_CXX_LANGUAGE_STANDARD = "gnu++20";
				CLANG_ENABLE_MODULES = YES;
				CLANG_ENABLE_OBJC_ARC = YES;
				CLANG_ENABLE_OBJC_WEAK = YES;
				CLANG_WARN_BLOCK_CAPTURE_AUTORELEASING = YES;
				CLANG_WARN_BOOL_CONVERSION = YES;
				CLANG_WARN_COMMA = YES;
				CLANG_WARN_CONSTANT_CONVERSION = YES;
				CLANG_WARN_DEPRECATED_OBJC_IMPLEMENTATIONS = YES;
				CLANG_WARN_DIRECT_OBJC_ISA_USAGE = YES_ERROR;
				CLANG_WARN_DOCUMENTATION_COMMENTS = YES;
				CLANG_WARN_EMPTY_BODY = YES;
				CLANG_WARN_ENUM_CONVERSION = YES;
				CLANG_WARN_INFINITE_RECURSION = YES;
				CLANG_WARN_INT_CONVERSION = YES;
				CLANG_WARN_NON_LITERAL_NULL_CONVERSION = YES;
				CLANG_WARN_OBJC_IMPLICIT_RETAIN_SELF = YES;
				CLANG_WARN_OBJC_LITERAL_CONVERSION = YES;
				CLANG_WARN_OBJC_ROOT_CLASS = YES_ERROR;
				CLANG_WARN_QUOTED_INCLUDE_IN_FRAMEWORK_HEADER = YES;
				CLANG_WARN_RANGE_LOOP_ANALYSIS = YES;
				CLANG_WARN_STRICT_PROTOTYPES = YES;
				CLANG_WARN_SUSPICIOUS_MOVE = YES;
				CLANG_WARN_UNGUARDED_AVAILABILITY = YES_AGGRESSIVE;
				CLANG_WARN_UNREACHABLE_CODE = YES;
				CLANG_WARN__DUPLICATE_METHOD_MATCH = YES;
				COPY_PHASE_STRIP = NO;
				DEBUG_INFORMATION_FORMAT = dwarf;
				ENABLE_STRICT_OBJC_MSGSEND = YES;
				ENABLE_TESTABILITY = YES;
				ENABLE_USER_SCRIPT_SANDBOXING = YES;
				GCC_C_LANGUAGE_STANDARD = gnu17;
				GCC_DYNAMIC_NO_PIC = NO;
				GCC_NO_COMMON_BLOCKS = YES;
				GCC_OPTIMIZATION_LEVEL = 0;
				GCC_PREPROCESSOR_DEFINITIONS = (
					"DEBUG=1",
					"$(inherited)",
				);
				GCC_WARN_64_TO_32_BIT_CONVERSION = YES;
				GCC_WARN_ABOUT_RETURN_TYPE = YES_ERROR;
				GCC_WARN_UNDECLARED_SELECTOR = YES;
				GCC_WARN_UNINITIALIZED_AUTOS = YES_AGGRESSIVE;
				GCC_WARN_UNUSED_FUNCTION = YES;
				GCC_WARN_UNUSED_VARIABLE = YES;
				IPHONEOS_DEPLOYMENT_TARGET = 17.5;
				LOCALIZATION_PREFERS_STRING_CATALOGS = YES;
				MTL_ENABLE_DEBUG_INFO = INCLUDE_SOURCE;
				MTL_FAST_MATH = YES;
				ONLY_ACTIVE_ARCH = YES;
				SDKROOT = iphoneos;
				SWIFT_ACTIVE_COMPILATION_CONDITIONS = "DEBUG $(inherited)";
				SWIFT_OPTIMIZATION_LEVEL = "-Onone";
			};
			name = Debug;
		};
		CECE4DDE2C5E6C2500F7C4FF /* Release */ = {
			isa = XCBuildConfiguration;
			buildSettings = {
				ALWAYS_SEARCH_USER_PATHS = NO;
				ASSETCATALOG_COMPILER_GENERATE_SWIFT_ASSET_SYMBOL_EXTENSIONS = YES;
				CLANG_ANALYZER_NONNULL = YES;
				CLANG_ANALYZER_NUMBER_OBJECT_CONVERSION = YES_AGGRESSIVE;
				CLANG_CXX_LANGUAGE_STANDARD = "gnu++20";
				CLANG_ENABLE_MODULES = YES;
				CLANG_ENABLE_OBJC_ARC = YES;
				CLANG_ENABLE_OBJC_WEAK = YES;
				CLANG_WARN_BLOCK_CAPTURE_AUTORELEASING = YES;
				CLANG_WARN_BOOL_CONVERSION = YES;
				CLANG_WARN_COMMA = YES;
				CLANG_WARN_CONSTANT_CONVERSION = YES;
				CLANG_WARN_DEPRECATED_OBJC_IMPLEMENTATIONS = YES;
				CLANG_WARN_DIRECT_OBJC_ISA_USAGE = YES_ERROR;
				CLANG_WARN_DOCUMENTATION_COMMENTS = YES;
				CLANG_WARN_EMPTY_BODY = YES;
				CLANG_WARN_ENUM_CONVERSION = YES;
				CLANG_WARN_INFINITE_RECURSION = YES;
				CLANG_WARN_INT_CONVERSION = YES;
				CLANG_WARN_NON_LITERAL_NULL_CONVERSION = YES;
				CLANG_WARN_OBJC_IMPLICIT_RETAIN_SELF = YES;
				CLANG_WARN_OBJC_LITERAL_CONVERSION = YES;
				CLANG_WARN_OBJC_ROOT_CLASS = YES_ERROR;
				CLANG_WARN_QUOTED_INCLUDE_IN_FRAMEWORK_HEADER = YES;
				CLANG_WARN_RANGE_LOOP_ANALYSIS = YES;
				CLANG_WARN_STRICT_PROTOTYPES = YES;
				CLANG_WARN_SUSPICIOUS_MOVE = YES;
				CLANG_WARN_UNGUARDED_AVAILABILITY = YES_AGGRESSIVE;
				CLANG_WARN_UNREACHABLE_CODE = YES;
				CLANG_WARN__DUPLICATE_METHOD_MATCH = YES;
				COPY_PHASE_STRIP = NO;
				DEBUG_INFORMATION_FORMAT = "dwarf-with-dsym";
				ENABLE_NS_ASSERTIONS = NO;
				ENABLE_STRICT_OBJC_MSGSEND = YES;
				ENABLE_USER_SCRIPT_SANDBOXING = YES;
				GCC_C_LANGUAGE_STANDARD = gnu17;
				GCC_NO_COMMON_BLOCKS = YES;
				GCC_WARN_64_TO_32_BIT_CONVERSION = YES;
				GCC_WARN_ABOUT_RETURN_TYPE = YES_ERROR;
				GCC_WARN_UNDECLARED_SELECTOR = YES;
				GCC_WARN_UNINITIALIZED_AUTOS = YES_AGGRESSIVE;
				GCC_WARN_UNUSED_FUNCTION = YES;
				GCC_WARN_UNUSED_VARIABLE = YES;
				IPHONEOS_DEPLOYMENT_TARGET = 17.5;
				LOCALIZATION_PREFERS_STRING_CATALOGS = YES;
				MTL_ENABLE_DEBUG_INFO = NO;
				MTL_FAST_MATH = YES;
				SDKROOT = iphoneos;
				SWIFT_COMPILATION_MODE = wholemodule;
				VALIDATE_PRODUCT = YES;
			};
			name = Release;
		};
		CECE4DE02C5E6C2500F7C4FF /* Debug */ = {
			isa = XCBuildConfiguration;
			buildSettings = {
				ASSETCATALOG_COMPILER_APPICON_NAME = AppIcon;
				ASSETCATALOG_COMPILER_GLOBAL_ACCENT_COLOR_NAME = AccentColor;
				CODE_SIGN_STYLE = Automatic;
				CURRENT_PROJECT_VERSION = 1;
				DEVELOPMENT_ASSET_PATHS = "\"Devote/Preview Content\"";
				DEVELOPMENT_TEAM = GZV8Q2554V;
				ENABLE_PREVIEWS = YES;
				GENERATE_INFOPLIST_FILE = YES;
				INFOPLIST_FILE = Devote/Info.plist;
				INFOPLIST_KEY_UIApplicationSceneManifest_Generation = YES;
				INFOPLIST_KEY_UIApplicationSupportsIndirectInputEvents = YES;
				INFOPLIST_KEY_UISupportedInterfaceOrientations = UIInterfaceOrientationPortrait;
				INFOPLIST_KEY_UISupportedInterfaceOrientations_iPad = "UIInterfaceOrientationPortrait UIInterfaceOrientationPortraitUpsideDown";
				LD_RUNPATH_SEARCH_PATHS = (
					"$(inherited)",
					"@executable_path/Frameworks",
				);
				MARKETING_VERSION = 1.0;
				PRODUCT_BUNDLE_IDENTIFIER = oleh.didushok.devoteApp.Devote;
				PRODUCT_NAME = "$(TARGET_NAME)";
				SWIFT_EMIT_LOC_STRINGS = YES;
				SWIFT_VERSION = 5.0;
				TARGETED_DEVICE_FAMILY = "1,2";
			};
			name = Debug;
		};
		CECE4DE12C5E6C2500F7C4FF /* Release */ = {
			isa = XCBuildConfiguration;
			buildSettings = {
				ASSETCATALOG_COMPILER_APPICON_NAME = AppIcon;
				ASSETCATALOG_COMPILER_GLOBAL_ACCENT_COLOR_NAME = AccentColor;
				CODE_SIGN_STYLE = Automatic;
				CURRENT_PROJECT_VERSION = 1;
				DEVELOPMENT_ASSET_PATHS = "\"Devote/Preview Content\"";
				DEVELOPMENT_TEAM = GZV8Q2554V;
				ENABLE_PREVIEWS = YES;
				GENERATE_INFOPLIST_FILE = YES;
				INFOPLIST_FILE = Devote/Info.plist;
				INFOPLIST_KEY_UIApplicationSceneManifest_Generation = YES;
				INFOPLIST_KEY_UIApplicationSupportsIndirectInputEvents = YES;
				INFOPLIST_KEY_UISupportedInterfaceOrientations = UIInterfaceOrientationPortrait;
				INFOPLIST_KEY_UISupportedInterfaceOrientations_iPad = "UIInterfaceOrientationPortrait UIInterfaceOrientationPortraitUpsideDown";
				LD_RUNPATH_SEARCH_PATHS = (
					"$(inherited)",
					"@executable_path/Frameworks",
				);
				MARKETING_VERSION = 1.0;
				PRODUCT_BUNDLE_IDENTIFIER = oleh.didushok.devoteApp.Devote;
				PRODUCT_NAME = "$(TARGET_NAME)";
				SWIFT_EMIT_LOC_STRINGS = YES;
				SWIFT_VERSION = 5.0;
				TARGETED_DEVICE_FAMILY = "1,2";
			};
			name = Release;
		};
/* End XCBuildConfiguration section */

/* Begin XCConfigurationList section */
		CECE4DC72C5E6C2300F7C4FF /* Build configuration list for PBXProject "Devote" */ = {
			isa = XCConfigurationList;
			buildConfigurations = (
				CECE4DDD2C5E6C2500F7C4FF /* Debug */,
				CECE4DDE2C5E6C2500F7C4FF /* Release */,
			);
			defaultConfigurationIsVisible = 0;
			defaultConfigurationName = Release;
		};
		CECE4DDF2C5E6C2500F7C4FF /* Build configuration list for PBXNativeTarget "Devote" */ = {
			isa = XCConfigurationList;
			buildConfigurations = (
				CECE4DE02C5E6C2500F7C4FF /* Debug */,
				CECE4DE12C5E6C2500F7C4FF /* Release */,
			);
			defaultConfigurationIsVisible = 0;
			defaultConfigurationName = Release;
		};
/* End XCConfigurationList section */

/* Begin XCVersionGroup section */
		CECE4DDA2C5E6C2500F7C4FF /* Devote.xcdatamodeld */ = {
			isa = XCVersionGroup;
			children = (
				CECE4DDB2C5E6C2500F7C4FF /* Devote.xcdatamodel */,
			);
			currentVersion = CECE4DDB2C5E6C2500F7C4FF /* Devote.xcdatamodel */;
			path = Devote.xcdatamodeld;
			sourceTree = "<group>";
			versionGroupType = wrapper.xcdatamodel;
		};
/* End XCVersionGroup section */
	};
	rootObject = CECE4DC42C5E6C2300F7C4FF /* Project object */;
}
